{
    "name": "aerospike-leveldown",
    "version": "1.0.25",
    "lockfileVersion": 1,
    "requires": true,
    "dependencies": {
        "abstract-leveldown": {
            "version": "2.7.1",
            "resolved": "https://registry.npmjs.org/abstract-leveldown/-/abstract-leveldown-2.7.1.tgz",
            "integrity": "sha512-CUMZ9D4zNd0KHWJsce57ZbQKRJxh/6jqCFLDBf3E8IwtI7J/JbSs2pyI8YtO264XEMX4bssrAly53vvAv4qifQ==",
            "requires": {
                "xtend": "4.0.1"
            }
        },
        "aerospike": {
            "version": "3.0.1",
            "resolved": "https://registry.npmjs.org/aerospike/-/aerospike-3.0.1.tgz",
            "integrity": "sha512-slzPG1Mhy9iO2YnJRMoEDOqbNFUPzvpMKxstyX2aL6nbwF3rHMk11UkjUqXnJvuxLRrAWYrrEjSwCKjxSvnxTA==",
            "requires": {
                "bindings": "1.3.0",
                "nan": "2.3.5",
                "webworker-threads": "0.7.13"
            }
        },
        "bindings": {
            "version": "1.3.0",
            "resolved": "https://registry.npmjs.org/bindings/-/bindings-1.3.0.tgz",
            "integrity": "sha512-DpLh5EzMR2kzvX1KIlVC0VkC3iZtHKTgdtZ0a3pglBZdaQFjt5S9g9xd1lE+YvXyfd6mtCeRnrUfOLYiTMlNSw=="
        },
        "core-util-is": {
            "version": "1.0.2",
            "resolved": "https://registry.npmjs.org/core-util-is/-/core-util-is-1.0.2.tgz",
            "integrity": "sha1-tf1UIgqivFq1eqtxQMlAdUUDwac="
        },
        "deferred-leveldown": {
            "version": "1.2.2",
            "resolved": "https://registry.npmjs.org/deferred-leveldown/-/deferred-leveldown-1.2.2.tgz",
            "integrity": "sha512-uukrWD2bguRtXilKt6cAWKyoXrTSMo5m7crUdLfWQmu8kIm88w3QZoUL+6nhpfKVmhHANER6Re3sKoNoZ3IKMA==",
            "requires": {
                "abstract-leveldown": "2.6.3"
            },
            "dependencies": {
                "abstract-leveldown": {
                    "version": "2.6.3",
                    "resolved": "https://registry.npmjs.org/abstract-leveldown/-/abstract-leveldown-2.6.3.tgz",
                    "integrity": "sha512-2++wDf/DYqkPR3o5tbfdhF96EfMApo1GpPfzOsR/ZYXdkSmELlvOOEAl9iKkRsktMPHdGjO4rtkBpf2I7TiTeA==",
                    "requires": {
                        "xtend": "4.0.1"
                    }
                }
            }
        },
        "errno": {
            "version": "0.1.4",
            "resolved": "https://registry.npmjs.org/errno/-/errno-0.1.4.tgz",
            "integrity": "sha1-uJbiOp5ei6M4cfyZar02NfyaHH0=",
            "requires": {
                "prr": "0.0.0"
            },
            "dependencies": {
                "prr": {
                    "version": "0.0.0",
                    "resolved": "https://registry.npmjs.org/prr/-/prr-0.0.0.tgz",
                    "integrity": "sha1-GoS4WQgyVQFBGFPQCB7j+obikmo="
                }
            }
        },
        "inherits": {
            "version": "2.0.3",
            "resolved": "https://registry.npmjs.org/inherits/-/inherits-2.0.3.tgz",
            "integrity": "sha1-Yzwsg+PaQqUC9SRmAiSA9CCCYd4="
        },
        "isarray": {
            "version": "0.0.1",
            "resolved": "https://registry.npmjs.org/isarray/-/isarray-0.0.1.tgz",
            "integrity": "sha1-ihis/Kmo9Bd+Cav8YDiTmwXR7t8="
        },
        "level-codec": {
            "version": "7.0.1",
            "resolved": "https://registry.npmjs.org/level-codec/-/level-codec-7.0.1.tgz",
            "integrity": "sha512-Ua/R9B9r3RasXdRmOtd+t9TCOEIIlts+TN/7XTT2unhDaL6sJn83S3rUyljbr6lVtw49N3/yA0HHjpV6Kzb2aQ=="
        },
        "level-errors": {
            "version": "1.0.5",
            "resolved": "https://registry.npmjs.org/level-errors/-/level-errors-1.0.5.tgz",
            "integrity": "sha512-/cLUpQduF6bNrWuAC4pwtUKA5t669pCsCi2XbmojG2tFeOr9j6ShtdDCtFFQO1DRt+EVZhx9gPzP9G2bUaG4ig==",
            "requires": {
                "errno": "0.1.4"
            }
        },
        "level-iterator-stream": {
            "version": "1.3.1",
            "resolved": "https://registry.npmjs.org/level-iterator-stream/-/level-iterator-stream-1.3.1.tgz",
            "integrity": "sha1-5Dt4sagUPm+pek9IXrjqUwNS8u0=",
            "requires": {
                "inherits": "2.0.3",
                "level-errors": "1.0.5",
                "readable-stream": "1.1.14",
                "xtend": "4.0.1"
            }
        },
        "levelup": {
            "version": "1.3.9",
            "resolved": "https://registry.npmjs.org/levelup/-/levelup-1.3.9.tgz",
            "integrity": "sha512-VVGHfKIlmw8w1XqpGOAGwq6sZm2WwWLmlDcULkKWQXEA5EopA8OBNJ2Ck2v6bdk8HeEZSbCSEgzXadyQFm76sQ==",
            "requires": {
                "deferred-leveldown": "1.2.2",
                "level-codec": "7.0.1",
                "level-errors": "1.0.5",
                "level-iterator-stream": "1.3.1",
                "prr": "1.0.1",
                "semver": "5.4.1",
                "xtend": "4.0.1"
            }
        },
        "nan": {
            "version": "2.3.5",
            "resolved": "https://registry.npmjs.org/nan/-/nan-2.3.5.tgz",
            "integrity": "sha1-gioNwmYpDOTNOhIoLKPn42Rmigg="
        },
        "prr": {
            "version": "1.0.1",
            "resolved": "https://registry.npmjs.org/prr/-/prr-1.0.1.tgz",
            "integrity": "sha1-0/wRS6BplaRexok/SEzrHXj19HY="
        },
        "readable-stream": {
            "version": "1.1.14",
            "resolved": "https://registry.npmjs.org/readable-stream/-/readable-stream-1.1.14.tgz",
            "integrity": "sha1-fPTFTvZI44EwhMY23SB54WbAgdk=",
            "requires": {
                "core-util-is": "1.0.2",
                "inherits": "2.0.3",
                "isarray": "0.0.1",
                "string_decoder": "0.10.31"
            }
        },
        "semver": {
            "version": "5.4.1",
            "resolved": "https://registry.npmjs.org/semver/-/semver-5.4.1.tgz",
            "integrity": "sha512-WfG/X9+oATh81XtllIo/I8gOiY9EXRdv1cQdyykeXK17YcUW3EXUAi2To4pcH6nZtJPr7ZOpM5OMyWJZm+8Rsg=="
        },
        "string_decoder": {
            "version": "0.10.31",
            "resolved": "https://registry.npmjs.org/string_decoder/-/string_decoder-0.10.31.tgz",
            "integrity": "sha1-YuIDvEF2bGwoyfyEMB2rHFMQ+pQ="
        },
        "webworker-threads": {
            "version": "0.7.13",
            "resolved": "https://registry.npmjs.org/webworker-threads/-/webworker-threads-0.7.13.tgz",
            "integrity": "sha1-yEsYtrokElu503NC5E3rgVFi+4M=",
            "optional": true,
            "requires": {
                "bindings": "1.3.0",
                "nan": "2.7.0"
            },
            "dependencies": {
                "nan": {
                    "version": "2.7.0",
                    "resolved": "https://registry.npmjs.org/nan/-/nan-2.7.0.tgz",
                    "integrity": "sha1-2Vv3IeyHfgjbJ27T/G63j5CDrUY=",
                    "optional": true
                }
            }
        },
        "xtend": {
            "version": "4.0.1",
            "resolved": "https://registry.npmjs.org/xtend/-/xtend-4.0.1.tgz",
            "integrity": "sha1-pcbVMr5lbiPbgg77lDofBJmNY68="
        }
    }
}
